
Microsoft Visual Studio Solution File, Format Version 12.00
Project("{FAE04EC0-301F-11D3-BF4B-00C04F79EFBC}") = "TinyAdmin.Web", "src\TinyAdmin.Web\TinyAdmin.Web.csproj", "{CEC2CED4-96A8-4A44-81E4-3887631AD66F}"
EndProject
Global
	GlobalSection(SolutionConfigurationPlatforms) = preSolution
		Debug|Any CPU = Debug|Any CPU
		Release|Any CPU = Release|Any CPU
	EndGlobalSection
	GlobalSection(ProjectConfigurationPlatforms) = postSolution
		{CEC2CED4-96A8-4A44-81E4-3887631AD66F}.Debug|Any CPU.ActiveCfg = Debug|Any CPU
		{CEC2CED4-96A8-4A44-81E4-3887631AD66F}.Debug|Any CPU.Build.0 = Debug|Any CPU
		{CEC2CED4-96A8-4A44-81E4-3887631AD66F}.Release|Any CPU.ActiveCfg = Release|Any CPU
		{CEC2CED4-96A8-4A44-81E4-3887631AD66F}.Release|Any CPU.Build.0 = Release|Any CPU
	EndGlobalSection
EndGlobal
